
Microsoft Visual Studio Solution File, Format Version 12.00
# Visual Studio Version 16
VisualStudioVersion = 25.0.1700.0
MinimumVisualStudioVersion = 10.0.40219.1
Project("{FAE04EC0-301F-11D3-BF4B-00C04F79EFBC}") = "Iteration_Statements_6", "Iteration_Statements_6\Iteration_Statements_6.csproj", "{1951C451-500A-4B8D-8170-9E027507F50C}"
EndProject
Global
	GlobalSection(SolutionConfigurationPlatforms) = preSolution
		Debug|Any CPU = Debug|Any CPU
		Release|Any CPU = Release|Any CPU
	EndGlobalSection
	GlobalSection(ProjectConfigurationPlatforms) = postSolution
		{1951C451-500A-4B8D-8170-9E027507F50C}.Debug|Any CPU.ActiveCfg = Debug|Any CPU
		{1951C451-500A-4B8D-8170-9E027507F50C}.Debug|Any CPU.Build.0 = Debug|Any CPU
		{1951C451-500A-4B8D-8170-9E027507F50C}.Release|Any CPU.ActiveCfg = Release|Any CPU
		{1951C451-500A-4B8D-8170-9E027507F50C}.Release|Any CPU.Build.0 = Release|Any CPU
	EndGlobalSection
	GlobalSection(SolutionProperties) = preSolution
		HideSolutionNode = FALSE
	EndGlobalSection
	GlobalSection(ExtensibilityGlobals) = postSolution
		SolutionGuid = {323184B8-FA41-4EC5-AD48-D895F032C616}
	EndGlobalSection
EndGlobal
